
Microsoft Visual Studio Solution File, Format Version 12.00
# Visual Studio Version 16
VisualStudioVersion = 16.0.30907.101
MinimumVisualStudioVersion = 10.0.40219.1
Project("{8BC9CEB8-8B4A-11D0-8D11-00A0C91BC942}") = "Taxi", "Taxi\Taxi.vcxproj", "{DD844CF7-1F7C-4BEE-BE23-F08938BE7B60}"
EndProject
Global
	GlobalSection(SolutionConfigurationPlatforms) = preSolution
		Debug|x64 = Debug|x64
		Debug|x86 = Debug|x86
		Release|x64 = Release|x64
		Release|x86 = Release|x86
	EndGlobalSection
	GlobalSection(ProjectConfigurationPlatforms) = postSolution
		{DD844CF7-1F7C-4BEE-BE23-F08938BE7B60}.Debug|x64.ActiveCfg = Debug|x64
		{DD844CF7-1F7C-4BEE-BE23-F08938BE7B60}.Debug|x64.Build.0 = Debug|x64
		{DD844CF7-1F7C-4BEE-BE23-F08938BE7B60}.Debug|x86.ActiveCfg = Debug|Win32
		{DD844CF7-1F7C-4BEE-BE23-F08938BE7B60}.Debug|x86.Build.0 = Debug|Win32
		{DD844CF7-1F7C-4BEE-BE23-F08938BE7B60}.Release|x64.ActiveCfg = Release|x64
		{DD844CF7-1F7C-4BEE-BE23-F08938BE7B60}.Release|x64.Build.0 = Release|x64
		{DD844CF7-1F7C-4BEE-BE23-F08938BE7B60}.Release|x86.ActiveCfg = Release|Win32
		{DD844CF7-1F7C-4BEE-BE23-F08938BE7B60}.Release|x86.Build.0 = Release|Win32
	EndGlobalSection
	GlobalSection(SolutionProperties) = preSolution
		HideSolutionNode = FALSE
	EndGlobalSection
	GlobalSection(ExtensibilityGlobals) = postSolution
		SolutionGuid = {55913013-4EBB-4E6F-8BBE-E2155AFFB7EF}
	EndGlobalSection
EndGlobal
